# This file is generated by running "yarn install" inside your project.
# Manual changes might be lost - proceed with caution!

__metadata:
  version: 8
  cacheKey: 10c0

"CubeAP@workspace:.":
  version: 0.0.0-use.local
  resolution: "CubeAP@workspace:."
  dependencies:
    http-server: "npm:^14.1.1"
    prettier: "npm:^3.6.2"
  languageName: unknown
  linkType: soft

"ansi-styles@npm:^4.1.0":
  version: 4.3.0
  resolution: "ansi-styles@npm:4.3.0"
  dependencies:
    color-convert: "npm:^2.0.1"
  checksum: 10c0/895a23929da416f2bd3de7e9cb4eabd340949328ab85ddd6e484a637d8f6820d485f53933446f5291c3b760cbc488beb8e88573dd0f9c7daf83dccc8fe81b041
  languageName: node
  linkType: hard

"async-function@npm:^1.0.0":
  version: 1.0.0
  resolution: "async-function@npm:1.0.0"
  checksum: 10c0/669a32c2cb7e45091330c680e92eaeb791bc1d4132d827591e499cd1f776ff5a873e77e5f92d0ce795a8d60f10761dec9ddfe7225a5de680f5d357f67b1aac73
  languageName: node
  linkType: hard

"async-generator-function@npm:^1.0.0":
  version: 1.0.0
  resolution: "async-generator-function@npm:1.0.0"
  checksum: 10c0/2c50ef856c543ad500d8d8777d347e3c1ba623b93e99c9263ecc5f965c1b12d2a140e2ab6e43c3d0b85366110696f28114649411cbcd10b452a92a2318394186
  languageName: node
  linkType: hard

"async@npm:^3.2.6":
  version: 3.2.6
  resolution: "async@npm:3.2.6"
  checksum: 10c0/36484bb15ceddf07078688d95e27076379cc2f87b10c03b6dd8a83e89475a3c8df5848859dd06a4c95af1e4c16fc973de0171a77f18ea00be899aca2a4f85e70
  languageName: node
  linkType: hard

"basic-auth@npm:^2.0.1":
  version: 2.0.1
  resolution: "basic-auth@npm:2.0.1"
  dependencies:
    safe-buffer: "npm:5.1.2"
  checksum: 10c0/05f56db3a0fc31c89c86b605231e32ee143fb6ae38dc60616bc0970ae6a0f034172def99e69d3aed0e2c9e7cac84e2d63bc51a0b5ff6ab5fc8808cc8b29923c1
  languageName: node
  linkType: hard

"call-bind-apply-helpers@npm:^1.0.1, call-bind-apply-helpers@npm:^1.0.2":
  version: 1.0.2
  resolution: "call-bind-apply-helpers@npm:1.0.2"
  dependencies:
    es-errors: "npm:^1.3.0"
    function-bind: "npm:^1.1.2"
  checksum: 10c0/47bd9901d57b857590431243fea704ff18078b16890a6b3e021e12d279bbf211d039155e27d7566b374d49ee1f8189344bac9833dec7a20cdec370506361c938
  languageName: node
  linkType: hard

"call-bound@npm:^1.0.2":
  version: 1.0.4
  resolution: "call-bound@npm:1.0.4"
  dependencies:
    call-bind-apply-helpers: "npm:^1.0.2"
    get-intrinsic: "npm:^1.3.0"
  checksum: 10c0/f4796a6a0941e71c766aea672f63b72bc61234c4f4964dc6d7606e3664c307e7d77845328a8f3359ce39ddb377fed67318f9ee203dea1d47e46165dcf2917644
  languageName: node
  linkType: hard

"chalk@npm:^4.1.2":
  version: 4.1.2
  resolution: "chalk@npm:4.1.2"
  dependencies:
    ansi-styles: "npm:^4.1.0"
    supports-color: "npm:^7.1.0"
  checksum: 10c0/4a3fef5cc34975c898ffe77141450f679721df9dde00f6c304353fa9c8b571929123b26a0e4617bde5018977eb655b31970c297b91b63ee83bb82aeb04666880
  languageName: node
  linkType: hard

"color-convert@npm:^2.0.1":
  version: 2.0.1
  resolution: "color-convert@npm:2.0.1"
  dependencies:
    color-name: "npm:~1.1.4"
  checksum: 10c0/37e1150172f2e311fe1b2df62c6293a342ee7380da7b9cfdba67ea539909afbd74da27033208d01d6d5cfc65ee7868a22e18d7e7648e004425441c0f8a15a7d7
  languageName: node
  linkType: hard

"color-name@npm:~1.1.4":
  version: 1.1.4
  resolution: "color-name@npm:1.1.4"
  checksum: 10c0/a1a3f914156960902f46f7f56bc62effc6c94e84b2cae157a526b1c1f74b677a47ec602bf68a61abfa2b42d15b7c5651c6dbe72a43af720bc588dff885b10f95
  languageName: node
  linkType: hard

"corser@npm:^2.0.1":
  version: 2.0.1
  resolution: "corser@npm:2.0.1"
  checksum: 10c0/1f319a752a560342dd22d936e5a4c158bfcbc332524ef5b05a7277236dad8b0b2868fd5cf818559f29954ec4d777d82e797fccd76601fcfe431610e4143c8acc
  languageName: node
  linkType: hard

"debug@npm:^4.3.6":
  version: 4.4.3
  resolution: "debug@npm:4.4.3"
  dependencies:
    ms: "npm:^2.1.3"
  peerDependenciesMeta:
    supports-color:
      optional: true
  checksum: 10c0/d79136ec6c83ecbefd0f6a5593da6a9c91ec4d7ddc4b54c883d6e71ec9accb5f67a1a5e96d00a328196b5b5c86d365e98d8a3a70856aaf16b4e7b1985e67f5a6
  languageName: node
  linkType: hard

"dunder-proto@npm:^1.0.1":
  version: 1.0.1
  resolution: "dunder-proto@npm:1.0.1"
  dependencies:
    call-bind-apply-helpers: "npm:^1.0.1"
    es-errors: "npm:^1.3.0"
    gopd: "npm:^1.2.0"
  checksum: 10c0/199f2a0c1c16593ca0a145dbf76a962f8033ce3129f01284d48c45ed4e14fea9bbacd7b3610b6cdc33486cef20385ac054948fefc6272fcce645c09468f93031
  languageName: node
  linkType: hard

"es-define-property@npm:^1.0.1":
  version: 1.0.1
  resolution: "es-define-property@npm:1.0.1"
  checksum: 10c0/3f54eb49c16c18707949ff25a1456728c883e81259f045003499efba399c08bad00deebf65cccde8c0e07908c1a225c9d472b7107e558f2a48e28d530e34527c
  languageName: node
  linkType: hard

"es-errors@npm:^1.3.0":
  version: 1.3.0
  resolution: "es-errors@npm:1.3.0"
  checksum: 10c0/0a61325670072f98d8ae3b914edab3559b6caa980f08054a3b872052640d91da01d38df55df797fcc916389d77fc92b8d5906cf028f4db46d7e3003abecbca85
  languageName: node
  linkType: hard

"es-object-atoms@npm:^1.0.0, es-object-atoms@npm:^1.1.1":
  version: 1.1.1
  resolution: "es-object-atoms@npm:1.1.1"
  dependencies:
    es-errors: "npm:^1.3.0"
  checksum: 10c0/65364812ca4daf48eb76e2a3b7a89b3f6a2e62a1c420766ce9f692665a29d94fe41fe88b65f24106f449859549711e4b40d9fb8002d862dfd7eb1c512d10be0c
  languageName: node
  linkType: hard

"eventemitter3@npm:^4.0.0":
  version: 4.0.7
  resolution: "eventemitter3@npm:4.0.7"
  checksum: 10c0/5f6d97cbcbac47be798e6355e3a7639a84ee1f7d9b199a07017f1d2f1e2fe236004d14fa5dfaeba661f94ea57805385e326236a6debbc7145c8877fbc0297c6b
  languageName: node
  linkType: hard

"follow-redirects@npm:^1.0.0":
  version: 1.15.11
  resolution: "follow-redirects@npm:1.15.11"
  peerDependenciesMeta:
    debug:
      optional: true
  checksum: 10c0/d301f430542520a54058d4aeeb453233c564aaccac835d29d15e050beb33f339ad67d9bddbce01739c5dc46a6716dbe3d9d0d5134b1ca203effa11a7ef092343
  languageName: node
  linkType: hard

"function-bind@npm:^1.1.2":
  version: 1.1.2
  resolution: "function-bind@npm:1.1.2"
  checksum: 10c0/d8680ee1e5fcd4c197e4ac33b2b4dce03c71f4d91717292785703db200f5c21f977c568d28061226f9b5900cbcd2c84463646134fd5337e7925e0942bc3f46d5
  languageName: node
  linkType: hard

"generator-function@npm:^2.0.0":
  version: 2.0.1
  resolution: "generator-function@npm:2.0.1"
  checksum: 10c0/8a9f59df0f01cfefafdb3b451b80555e5cf6d76487095db91ac461a0e682e4ff7a9dbce15f4ecec191e53586d59eece01949e05a4b4492879600bbbe8e28d6b8
  languageName: node
  linkType: hard

"get-intrinsic@npm:^1.2.5, get-intrinsic@npm:^1.3.0":
  version: 1.3.1
  resolution: "get-intrinsic@npm:1.3.1"
  dependencies:
    async-function: "npm:^1.0.0"
    async-generator-function: "npm:^1.0.0"
    call-bind-apply-helpers: "npm:^1.0.2"
    es-define-property: "npm:^1.0.1"
    es-errors: "npm:^1.3.0"
    es-object-atoms: "npm:^1.1.1"
    function-bind: "npm:^1.1.2"
    generator-function: "npm:^2.0.0"
    get-proto: "npm:^1.0.1"
    gopd: "npm:^1.2.0"
    has-symbols: "npm:^1.1.0"
    hasown: "npm:^2.0.2"
    math-intrinsics: "npm:^1.1.0"
  checksum: 10c0/9f4ab0cf7efe0fd2c8185f52e6f637e708f3a112610c88869f8f041bb9ecc2ce44bf285dfdbdc6f4f7c277a5b88d8e94a432374d97cca22f3de7fc63795deb5d
  languageName: node
  linkType: hard

"get-proto@npm:^1.0.1":
  version: 1.0.1
  resolution: "get-proto@npm:1.0.1"
  dependencies:
    dunder-proto: "npm:^1.0.1"
    es-object-atoms: "npm:^1.0.0"
  checksum: 10c0/9224acb44603c5526955e83510b9da41baf6ae73f7398875fba50edc5e944223a89c4a72b070fcd78beb5f7bdda58ecb6294adc28f7acfc0da05f76a2399643c
  languageName: node
  linkType: hard

"gopd@npm:^1.2.0":
  version: 1.2.0
  resolution: "gopd@npm:1.2.0"
  checksum: 10c0/50fff1e04ba2b7737c097358534eacadad1e68d24cccee3272e04e007bed008e68d2614f3987788428fd192a5ae3889d08fb2331417e4fc4a9ab366b2043cead
  languageName: node
  linkType: hard

"has-flag@npm:^4.0.0":
  version: 4.0.0
  resolution: "has-flag@npm:4.0.0"
  checksum: 10c0/2e789c61b7888d66993e14e8331449e525ef42aac53c627cc53d1c3334e768bcb6abdc4f5f0de1478a25beec6f0bd62c7549058b7ac53e924040d4f301f02fd1
  languageName: node
  linkType: hard

"has-symbols@npm:^1.1.0":
  version: 1.1.0
  resolution: "has-symbols@npm:1.1.0"
  checksum: 10c0/dde0a734b17ae51e84b10986e651c664379018d10b91b6b0e9b293eddb32f0f069688c841fb40f19e9611546130153e0a2a48fd7f512891fb000ddfa36f5a20e
  languageName: node
  linkType: hard

"hasown@npm:^2.0.2":
  version: 2.0.2
  resolution: "hasown@npm:2.0.2"
  dependencies:
    function-bind: "npm:^1.1.2"
  checksum: 10c0/3769d434703b8ac66b209a4cca0737519925bbdb61dd887f93a16372b14694c63ff4e797686d87c90f08168e81082248b9b028bad60d4da9e0d1148766f56eb9
  languageName: node
  linkType: hard

"he@npm:^1.2.0":
  version: 1.2.0
  resolution: "he@npm:1.2.0"
  bin:
    he: bin/he
  checksum: 10c0/a27d478befe3c8192f006cdd0639a66798979dfa6e2125c6ac582a19a5ebfec62ad83e8382e6036170d873f46e4536a7e795bf8b95bf7c247f4cc0825ccc8c17
  languageName: node
  linkType: hard

"html-encoding-sniffer@npm:^3.0.0":
  version: 3.0.0
  resolution: "html-encoding-sniffer@npm:3.0.0"
  dependencies:
    whatwg-encoding: "npm:^2.0.0"
  checksum: 10c0/b17b3b0fb5d061d8eb15121c3b0b536376c3e295ecaf09ba48dd69c6b6c957839db124fe1e2b3f11329753a4ee01aa7dedf63b7677999e86da17fbbdd82c5386
  languageName: node
  linkType: hard

"http-proxy@npm:^1.18.1":
  version: 1.18.1
  resolution: "http-proxy@npm:1.18.1"
  dependencies:
    eventemitter3: "npm:^4.0.0"
    follow-redirects: "npm:^1.0.0"
    requires-port: "npm:^1.0.0"
  checksum: 10c0/148dfa700a03fb421e383aaaf88ac1d94521dfc34072f6c59770528c65250983c2e4ec996f2f03aa9f3fe46cd1270a593126068319311e3e8d9e610a37533e94
  languageName: node
  linkType: hard

"http-server@npm:^14.1.1":
  version: 14.1.1
  resolution: "http-server@npm:14.1.1"
  dependencies:
    basic-auth: "npm:^2.0.1"
    chalk: "npm:^4.1.2"
    corser: "npm:^2.0.1"
    he: "npm:^1.2.0"
    html-encoding-sniffer: "npm:^3.0.0"
    http-proxy: "npm:^1.18.1"
    mime: "npm:^1.6.0"
    minimist: "npm:^1.2.6"
    opener: "npm:^1.5.1"
    portfinder: "npm:^1.0.28"
    secure-compare: "npm:3.0.1"
    union: "npm:~0.5.0"
    url-join: "npm:^4.0.1"
  bin:
    http-server: bin/http-server
  checksum: 10c0/c5770ddd722dd520ce0af25efee6bfb7c6300ff4e934636d4eec83fa995739e64de2e699e89e7a795b3a1894bcc37bec226617c1023600aacd7871fd8d6ffe6d
  languageName: node
  linkType: hard

"iconv-lite@npm:0.6.3":
  version: 0.6.3
  resolution: "iconv-lite@npm:0.6.3"
  dependencies:
    safer-buffer: "npm:>= 2.1.2 < 3.0.0"
  checksum: 10c0/98102bc66b33fcf5ac044099d1257ba0b7ad5e3ccd3221f34dd508ab4070edff183276221684e1e0555b145fce0850c9f7d2b60a9fcac50fbb4ea0d6e845a3b1
  languageName: node
  linkType: hard

"math-intrinsics@npm:^1.1.0":
  version: 1.1.0
  resolution: "math-intrinsics@npm:1.1.0"
  checksum: 10c0/7579ff94e899e2f76ab64491d76cf606274c874d8f2af4a442c016bd85688927fcfca157ba6bf74b08e9439dc010b248ce05b96cc7c126a354c3bae7fcb48b7f
  languageName: node
  linkType: hard

"mime@npm:^1.6.0":
  version: 1.6.0
  resolution: "mime@npm:1.6.0"
  bin:
    mime: cli.js
  checksum: 10c0/b92cd0adc44888c7135a185bfd0dddc42c32606401c72896a842ae15da71eb88858f17669af41e498b463cd7eb998f7b48939a25b08374c7924a9c8a6f8a81b0
  languageName: node
  linkType: hard

"minimist@npm:^1.2.6":
  version: 1.2.8
  resolution: "minimist@npm:1.2.8"
  checksum: 10c0/19d3fcdca050087b84c2029841a093691a91259a47def2f18222f41e7645a0b7c44ef4b40e88a1e58a40c84d2ef0ee6047c55594d298146d0eb3f6b737c20ce6
  languageName: node
  linkType: hard

"ms@npm:^2.1.3":
  version: 2.1.3
  resolution: "ms@npm:2.1.3"
  checksum: 10c0/d924b57e7312b3b63ad21fc5b3dc0af5e78d61a1fc7cfb5457edaf26326bf62be5307cc87ffb6862ef1c2b33b0233cdb5d4f01c4c958cc0d660948b65a287a48
  languageName: node
  linkType: hard

"object-inspect@npm:^1.13.3":
  version: 1.13.4
  resolution: "object-inspect@npm:1.13.4"
  checksum: 10c0/d7f8711e803b96ea3191c745d6f8056ce1f2496e530e6a19a0e92d89b0fa3c76d910c31f0aa270432db6bd3b2f85500a376a83aaba849a8d518c8845b3211692
  languageName: node
  linkType: hard

"opener@npm:^1.5.1":
  version: 1.5.2
  resolution: "opener@npm:1.5.2"
  bin:
    opener: bin/opener-bin.js
  checksum: 10c0/dd56256ab0cf796585617bc28e06e058adf09211781e70b264c76a1dbe16e90f868c974e5bf5309c93469157c7d14b89c35dc53fe7293b0e40b4d2f92073bc79
  languageName: node
  linkType: hard

"portfinder@npm:^1.0.28":
  version: 1.0.38
  resolution: "portfinder@npm:1.0.38"
  dependencies:
    async: "npm:^3.2.6"
    debug: "npm:^4.3.6"
  checksum: 10c0/59b2f2aa0b620c90ce0d477241e62c277f38bfd4fb6074106c23560248dd5e5c2c629dd048ef721f32b19df4213d09b77234880e4f0ab04abf1ab70b6d8048fa
  languageName: node
  linkType: hard

"prettier@npm:^3.6.2":
  version: 3.6.2
  resolution: "prettier@npm:3.6.2"
  bin:
    prettier: bin/prettier.cjs
  checksum: 10c0/488cb2f2b99ec13da1e50074912870217c11edaddedeadc649b1244c749d15ba94e846423d062e2c4c9ae683e2d65f754de28889ba06e697ac4f988d44f45812
  languageName: node
  linkType: hard

"qs@npm:^6.4.0":
  version: 6.14.0
  resolution: "qs@npm:6.14.0"
  dependencies:
    side-channel: "npm:^1.1.0"
  checksum: 10c0/8ea5d91bf34f440598ee389d4a7d95820e3b837d3fd9f433871f7924801becaa0cd3b3b4628d49a7784d06a8aea9bc4554d2b6d8d584e2d221dc06238a42909c
  languageName: node
  linkType: hard

"requires-port@npm:^1.0.0":
  version: 1.0.0
  resolution: "requires-port@npm:1.0.0"
  checksum: 10c0/b2bfdd09db16c082c4326e573a82c0771daaf7b53b9ce8ad60ea46aa6e30aaf475fe9b164800b89f93b748d2c234d8abff945d2551ba47bf5698e04cd7713267
  languageName: node
  linkType: hard

"safe-buffer@npm:5.1.2":
  version: 5.1.2
  resolution: "safe-buffer@npm:5.1.2"
  checksum: 10c0/780ba6b5d99cc9a40f7b951d47152297d0e260f0df01472a1b99d4889679a4b94a13d644f7dbc4f022572f09ae9005fa2fbb93bbbd83643316f365a3e9a45b21
  languageName: node
  linkType: hard

"safer-buffer@npm:>= 2.1.2 < 3.0.0":
  version: 2.1.2
  resolution: "safer-buffer@npm:2.1.2"
  checksum: 10c0/7e3c8b2e88a1841c9671094bbaeebd94448111dd90a81a1f606f3f67708a6ec57763b3b47f06da09fc6054193e0e6709e77325415dc8422b04497a8070fa02d4
  languageName: node
  linkType: hard

"secure-compare@npm:3.0.1":
  version: 3.0.1
  resolution: "secure-compare@npm:3.0.1"
  checksum: 10c0/af3102f3f555d917c8ffff7a5f6f00f70195708f4faf82d48794485c9f3cb365cee0dd4da6b4e53e8964f172970bce6069b6101ba3ce8c309bff54f460d1f650
  languageName: node
  linkType: hard

"side-channel-list@npm:^1.0.0":
  version: 1.0.0
  resolution: "side-channel-list@npm:1.0.0"
  dependencies:
    es-errors: "npm:^1.3.0"
    object-inspect: "npm:^1.13.3"
  checksum: 10c0/644f4ac893456c9490ff388bf78aea9d333d5e5bfc64cfb84be8f04bf31ddc111a8d4b83b85d7e7e8a7b845bc185a9ad02c052d20e086983cf59f0be517d9b3d
  languageName: node
  linkType: hard

"side-channel-map@npm:^1.0.1":
  version: 1.0.1
  resolution: "side-channel-map@npm:1.0.1"
  dependencies:
    call-bound: "npm:^1.0.2"
    es-errors: "npm:^1.3.0"
    get-intrinsic: "npm:^1.2.5"
    object-inspect: "npm:^1.13.3"
  checksum: 10c0/010584e6444dd8a20b85bc926d934424bd809e1a3af941cace229f7fdcb751aada0fb7164f60c2e22292b7fa3c0ff0bce237081fd4cdbc80de1dc68e95430672
  languageName: node
  linkType: hard

"side-channel-weakmap@npm:^1.0.2":
  version: 1.0.2
  resolution: "side-channel-weakmap@npm:1.0.2"
  dependencies:
    call-bound: "npm:^1.0.2"
    es-errors: "npm:^1.3.0"
    get-intrinsic: "npm:^1.2.5"
    object-inspect: "npm:^1.13.3"
    side-channel-map: "npm:^1.0.1"
  checksum: 10c0/71362709ac233e08807ccd980101c3e2d7efe849edc51455030327b059f6c4d292c237f94dc0685031dd11c07dd17a68afde235d6cf2102d949567f98ab58185
  languageName: node
  linkType: hard

"side-channel@npm:^1.1.0":
  version: 1.1.0
  resolution: "side-channel@npm:1.1.0"
  dependencies:
    es-errors: "npm:^1.3.0"
    object-inspect: "npm:^1.13.3"
    side-channel-list: "npm:^1.0.0"
    side-channel-map: "npm:^1.0.1"
    side-channel-weakmap: "npm:^1.0.2"
  checksum: 10c0/cb20dad41eb032e6c24c0982e1e5a24963a28aa6122b4f05b3f3d6bf8ae7fd5474ef382c8f54a6a3ab86e0cac4d41a23bd64ede3970e5bfb50326ba02a7996e6
  languageName: node
  linkType: hard

"supports-color@npm:^7.1.0":
  version: 7.2.0
  resolution: "supports-color@npm:7.2.0"
  dependencies:
    has-flag: "npm:^4.0.0"
  checksum: 10c0/afb4c88521b8b136b5f5f95160c98dee7243dc79d5432db7efc27efb219385bbc7d9427398e43dd6cc730a0f87d5085ce1652af7efbe391327bc0a7d0f7fc124
  languageName: node
  linkType: hard

"union@npm:~0.5.0":
  version: 0.5.0
  resolution: "union@npm:0.5.0"
  dependencies:
    qs: "npm:^6.4.0"
  checksum: 10c0/9ac158d99991063180e56f408f5991e808fa07594713439c098116da09215c154672ee8c832e16a6b39b037609c08bcaff8ff07c1e3e46c3cc622897972af2aa
  languageName: node
  linkType: hard

"url-join@npm:^4.0.1":
  version: 4.0.1
  resolution: "url-join@npm:4.0.1"
  checksum: 10c0/ac65e2c7c562d7b49b68edddcf55385d3e922bc1dd5d90419ea40b53b6de1607d1e45ceb71efb9d60da02c681d13c6cb3a1aa8b13fc0c989dfc219df97ee992d
  languageName: node
  linkType: hard

"whatwg-encoding@npm:^2.0.0":
  version: 2.0.0
  resolution: "whatwg-encoding@npm:2.0.0"
  dependencies:
    iconv-lite: "npm:0.6.3"
  checksum: 10c0/91b90a49f312dc751496fd23a7e68981e62f33afe938b97281ad766235c4872fc4e66319f925c5e9001502b3040dd25a33b02a9c693b73a4cbbfdc4ad10c3e3e
  languageName: node
  linkType: hard
